github.com/davecgh/go-spew v1.1.1 h1:vj9j/u1bqnvCEfJOwUhtlOARqs3+rkHYY13jYWTU97c=
github.com/nanobus/iota/go v0.0.0-20221208153944-721e2807f75d h1:n7kEorW5ZtDOvz++DdB4Xw2InI6771J1g3cjanJQ4ng=
github.com/nanobus/iota/go v0.0.0-20221208153944-721e2807f75d/go.mod h1:HVq3g1+5XRxNi/43j5D69Ga0NHiesmSFXmnnKamZX+c=
github.com/nanobus/iota/go/types/uuid v0.0.0-20221030002516-67c7602f3f87 h1:ZgeyU2QXKFmQ4oLvtMEtnS6oSUCFC1dfb68hjWdbck0=
github.com/nanobus/iota/go/types/uuid v0.0.0-20221030002516-67c7602f3f87/go.mod h1:VXWdFL5QVJnv/ny9l2EYDDqr0xisb2pCWtXI/jL1BiI=
github.com/pmezard/go-difflib v1.0.0 h1:4DBwDE0NGyQoBHbLQYPwSUPoCMWR5BEzIk/f1lZbAQM=
github.com/stretchr/testify v1.8.1 h1:w7B6lhMri9wdJUVmEZPGGhZzrYTPvgJArz7wNPgYKsk=
golang.org/x/exp v0.0.0-20221025133541-111beb427cde h1:21I041MHkLEAgTE3ziMHbCknpoSjQKUmXhIDgfpGiUo=
golang.org/x/exp v0.0.0-20221025133541-111beb427cde/go.mod h1:cyybsKvd6eL0RnXn6p/Grxp8F5bW7iYuBgsNCOHpMYE=
gopkg.in/yaml.v3 v3.0.1 h1:fxVm/GzAzEWqLHuvctI91KS9hhNmmWOoWu0XTYJS7CA=
