github.com/davecgh/go-spew v1.1.1 h1:vj9j/u1bqnvCEfJOwUhtlOARqs3+rkHYY13jYWTU97c=
github.com/nanobus/iota/go v0.0.0-20221029044146-f638755ff5ab h1:TQSOaH4KbLC0ox/JmbaD29sYli+l3ZKNwsLOf9ycDhw=
github.com/nanobus/iota/go v0.0.0-20221029044146-f638755ff5ab/go.mod h1:VEGFfA3eK0A3QJW99fwwSJGopIAh0Q6e1rKRdhEqUbM=
github.com/pmezard/go-difflib v1.0.0 h1:4DBwDE0NGyQoBHbLQYPwSUPoCMWR5BEzIk/f1lZbAQM=
github.com/stretchr/testify v1.8.1 h1:w7B6lhMri9wdJUVmEZPGGhZzrYTPvgJArz7wNPgYKsk=
golang.org/x/exp v0.0.0-20221025133541-111beb427cde h1:21I041MHkLEAgTE3ziMHbCknpoSjQKUmXhIDgfpGiUo=
golang.org/x/exp v0.0.0-20221025133541-111beb427cde/go.mod h1:cyybsKvd6eL0RnXn6p/Grxp8F5bW7iYuBgsNCOHpMYE=
gopkg.in/yaml.v3 v3.0.1 h1:fxVm/GzAzEWqLHuvctI91KS9hhNmmWOoWu0XTYJS7CA=
